
Microsoft Visual Studio Solution File, Format Version 12.00
# Visual Studio Version 16
VisualStudioVersion = 16.0.28606.162
MinimumVisualStudioVersion = 10.0.40219.1
Project("{9A19103F-16F7-4668-BE54-9A1E7A4F7556}") = "WiredBrainCoffee.ShopInfoTool", "WiredBrainCoffee.ShopInfoTool\WiredBrainCoffee.ShopInfoTool.csproj", "{A13D7F65-B424-4BBB-BC24-0E44C8F6FB5E}"
EndProject
Project("{FAE04EC0-301F-11D3-BF4B-00C04F79EFBC}") = "WiredBrainCoffee.DataAccess", "WiredBrainCoffee.DataAccess\WiredBrainCoffee.DataAccess.csproj", "{A4DDA91F-800F-4D11-A8AB-415F2CD41696}"
EndProject
Global
	GlobalSection(SolutionConfigurationPlatforms) = preSolution
		Debug|Any CPU = Debug|Any CPU
		Release|Any CPU = Release|Any CPU
	EndGlobalSection
	GlobalSection(ProjectConfigurationPlatforms) = postSolution
		{A13D7F65-B424-4BBB-BC24-0E44C8F6FB5E}.Debug|Any CPU.ActiveCfg = Debug|Any CPU
		{A13D7F65-B424-4BBB-BC24-0E44C8F6FB5E}.Debug|Any CPU.Build.0 = Debug|Any CPU
		{A13D7F65-B424-4BBB-BC24-0E44C8F6FB5E}.Release|Any CPU.ActiveCfg = Release|Any CPU
		{A13D7F65-B424-4BBB-BC24-0E44C8F6FB5E}.Release|Any CPU.Build.0 = Release|Any CPU
		{A4DDA91F-800F-4D11-A8AB-415F2CD41696}.Debug|Any CPU.ActiveCfg = Debug|Any CPU
		{A4DDA91F-800F-4D11-A8AB-415F2CD41696}.Debug|Any CPU.Build.0 = Debug|Any CPU
		{A4DDA91F-800F-4D11-A8AB-415F2CD41696}.Release|Any CPU.ActiveCfg = Release|Any CPU
		{A4DDA91F-800F-4D11-A8AB-415F2CD41696}.Release|Any CPU.Build.0 = Release|Any CPU
	EndGlobalSection
	GlobalSection(SolutionProperties) = preSolution
		HideSolutionNode = FALSE
	EndGlobalSection
	GlobalSection(ExtensibilityGlobals) = postSolution
		SolutionGuid = {45FCE0C9-0657-48FA-9C98-0AEE341871FA}
	EndGlobalSection
EndGlobal
